Microsoft Visual Studio Solution File, Format Version 12.00
# Visual Studio Version 17
VisualStudioVersion = 17.0.31903.59
MinimumVisualStudioVersion = 10.0.40219.1
Project("{FAE04EC0-301F-11D3-BF4B-00C04F79EFBC}") = "WarhammerArmyMaker", "WarhammerArmyMaker\WarhammerArmyMaker.csproj", "{D3FB59F2-1B72-4A75-8F0A-CF2D3F4D7A10}"
EndProject
Global
	GlobalSection(SolutionConfigurationPlatforms) = preSolution
		Debug|Any CPU = Debug|Any CPU
		Release|Any CPU = Release|Any CPU
	EndGlobalSection
	GlobalSection(ProjectConfigurationPlatforms) = postSolution
		{D3FB59F2-1B72-4A75-8F0A-CF2D3F4D7A10}.Debug|Any CPU.ActiveCfg = Debug|Any CPU
		{D3FB59F2-1B72-4A75-8F0A-CF2D3F4D7A10}.Debug|Any CPU.Build.0 = Debug|Any CPU
		{D3FB59F2-1B72-4A75-8F0A-CF2D3F4D7A10}.Release|Any CPU.ActiveCfg = Release|Any CPU
		{D3FB59F2-1B72-4A75-8F0A-CF2D3F4D7A10}.Release|Any CPU.Build.0 = Release|Any CPU
	EndGlobalSection
	GlobalSection(SolutionProperties) = preSolution
		HideSolutionNode = FALSE
	EndGlobalSection
	GlobalSection(ExtensibilityGlobals) = postSolution
		SolutionGuid = {31C1C543-261F-4A85-AD07-FC8AF5454150}
	EndGlobalSection
EndGlobal
